// !$*UTF8*$!
{
	archiveVersion = 1;
	classes = {
	};
	objectVersion = 56;
	objects = {

/* Begin PBXBuildFile section */
		DB2199142B7C977C009B2AAC /* AppDelegate.swift in Sources */ = {isa = PBXBuildFile; fileRef = DB2199132B7C977C009B2AAC /* AppDelegate.swift */; };
		DB2199162B7C977C009B2AAC /* SceneDelegate.swift in Sources */ = {isa = PBXBuildFile; fileRef = DB2199152B7C977C009B2AAC /* SceneDelegate.swift */; };
		DB2199182B7C977C009B2AAC /* ToDoViewController.swift in Sources */ = {isa = PBXBuildFile; fileRef = DB2199172B7C977C009B2AAC /* ToDoViewController.swift */; };
		DB21991D2B7C977E009B2AAC /* Assets.xcassets in Resources */ = {isa = PBXBuildFile; fileRef = DB21991C2B7C977E009B2AAC /* Assets.xcassets */; };
		DB2199202B7C977E009B2AAC /* LaunchScreen.storyboard in Resources */ = {isa = PBXBuildFile; fileRef = DB21991E2B7C977E009B2AAC /* LaunchScreen.storyboard */; };
		DB21992C2B7C988D009B2AAC /* BaseView.swift in Sources */ = {isa = PBXBuildFile; fileRef = DB21992B2B7C988D009B2AAC /* BaseView.swift */; };
		DB21992E2B7C98FE009B2AAC /* BaseViewController.swift in Sources */ = {isa = PBXBuildFile; fileRef = DB21992D2B7C98FE009B2AAC /* BaseViewController.swift */; };
		DB2199312B7C997D009B2AAC /* SnapKit in Frameworks */ = {isa = PBXBuildFile; productRef = DB2199302B7C997D009B2AAC /* SnapKit */; };
		DB2199342B7C9989009B2AAC /* Then in Frameworks */ = {isa = PBXBuildFile; productRef = DB2199332B7C9989009B2AAC /* Then */; };
		DB2199362B7C99A2009B2AAC /* ToDoView.swift in Sources */ = {isa = PBXBuildFile; fileRef = DB2199352B7C99A2009B2AAC /* ToDoView.swift */; };
		DB7C10922B7E368C0001B149 /* Realm in Frameworks */ = {isa = PBXBuildFile; productRef = DB7C10912B7E368C0001B149 /* Realm */; };
		DB7C10942B7E368C0001B149 /* RealmSwift in Frameworks */ = {isa = PBXBuildFile; productRef = DB7C10932B7E368C0001B149 /* RealmSwift */; };
		DB7C10962B7E36C70001B149 /* ToDoTable.swift in Sources */ = {isa = PBXBuildFile; fileRef = DB7C10952B7E36C70001B149 /* ToDoTable.swift */; };
		DB7C10992B7E421E0001B149 /* Date + Extension.swift in Sources */ = {isa = PBXBuildFile; fileRef = DB7C10982B7E421E0001B149 /* Date + Extension.swift */; };
		DB7C109C2B7E50AB0001B149 /* IQKeyboardManagerSwift in Frameworks */ = {isa = PBXBuildFile; productRef = DB7C109B2B7E50AB0001B149 /* IQKeyboardManagerSwift */; };
		DB7C109E2B7E5C740001B149 /* ToDoListViewController.swift in Sources */ = {isa = PBXBuildFile; fileRef = DB7C109D2B7E5C740001B149 /* ToDoListViewController.swift */; };
		DB7C10A32B7E64030001B149 /* BaseTableViewCell.swift in Sources */ = {isa = PBXBuildFile; fileRef = DB7C10A22B7E64030001B149 /* BaseTableViewCell.swift */; };
		DB7C10A52B7E75350001B149 /* BlockBarButtonItem.swift in Sources */ = {isa = PBXBuildFile; fileRef = DB7C10A42B7E75350001B149 /* BlockBarButtonItem.swift */; };
		DB7C10A92B819D470001B149 /* ToDoTableRepository.swift in Sources */ = {isa = PBXBuildFile; fileRef = DB7C10A82B819D470001B149 /* ToDoTableRepository.swift */; };
		DB7C10AE2B81BFAF0001B149 /* NewToDoListTableViewCell.swift in Sources */ = {isa = PBXBuildFile; fileRef = DB7C10AD2B81BFAF0001B149 /* NewToDoListTableViewCell.swift */; };
		DB7C10B02B81C8CB0001B149 /* UIView + Extension.swift in Sources */ = {isa = PBXBuildFile; fileRef = DB7C10AF2B81C8CB0001B149 /* UIView + Extension.swift */; };
		DB7C10B22B8232050001B149 /* DetailToDoViewController.swift in Sources */ = {isa = PBXBuildFile; fileRef = DB7C10B12B8232050001B149 /* DetailToDoViewController.swift */; };
		DB7C10B72B8332530001B149 /* FileManager + Extension.swift in Sources */ = {isa = PBXBuildFile; fileRef = DB7C10B62B8332530001B149 /* FileManager + Extension.swift */; };
		DB7C10B92B838BFE0001B149 /* CalendarViewController.swift in Sources */ = {isa = PBXBuildFile; fileRef = DB7C10B82B838BFE0001B149 /* CalendarViewController.swift */; };
		DB7C10BC2B838C780001B149 /* FSCalendar in Frameworks */ = {isa = PBXBuildFile; productRef = DB7C10BB2B838C780001B149 /* FSCalendar */; };
		DBF3ABC62B7CA48C001ABADF /* NewToDoViewController.swift in Sources */ = {isa = PBXBuildFile; fileRef = DBF3ABC52B7CA48C001ABADF /* NewToDoViewController.swift */; };
		DBF3ABC82B7CA4AA001ABADF /* NewToDoView.swift in Sources */ = {isa = PBXBuildFile; fileRef = DBF3ABC72B7CA4AA001ABADF /* NewToDoView.swift */; };
		DBF3ABCC2B7CB017001ABADF /* ItemView.swift in Sources */ = {isa = PBXBuildFile; fileRef = DBF3ABCB2B7CB017001ABADF /* ItemView.swift */; };
		DBF3ABCE2B7CB908001ABADF /* DateViewController.swift in Sources */ = {isa = PBXBuildFile; fileRef = DBF3ABCD2B7CB908001ABADF /* DateViewController.swift */; };
		DBF3ABD02B7CFDCC001ABADF /* TagViewController.swift in Sources */ = {isa = PBXBuildFile; fileRef = DBF3ABCF2B7CFDCC001ABADF /* TagViewController.swift */; };
		DBF3ABD22B7D02B2001ABADF /* PriorityViewController.swift in Sources */ = {isa = PBXBuildFile; fileRef = DBF3ABD12B7D02B2001ABADF /* PriorityViewController.swift */; };
		DBF3ABD42B7D0F54001ABADF /* ToDoItemView.swift in Sources */ = {isa = PBXBuildFile; fileRef = DBF3ABD32B7D0F54001ABADF /* ToDoItemView.swift */; };
/* End PBXBuildFile section */

/* Begin PBXFileReference section */
		DB2199102B7C977C009B2AAC /* TODO-Project.app */ = {isa = PBXFileReference; explicitFileType = wrapper.application; includeInIndex = 0; path = "TODO-Project.app"; sourceTree = BUILT_PRODUCTS_DIR; };
		DB2199132B7C977C009B2AAC /* AppDelegate.swift */ = {isa = PBXFileReference; lastKnownFileType = sourcecode.swift; path = AppDelegate.swift; sourceTree = "<group>"; };
		DB2199152B7C977C009B2AAC /* SceneDelegate.swift */ = {isa = PBXFileReference; lastKnownFileType = sourcecode.swift; path = SceneDelegate.swift; sourceTree = "<group>"; };
		DB2199172B7C977C009B2AAC /* ToDoViewController.swift */ = {isa = PBXFileReference; lastKnownFileType = sourcecode.swift; path = ToDoViewController.swift; sourceTree = "<group>"; };
		DB21991C2B7C977E009B2AAC /* Assets.xcassets */ = {isa = PBXFileReference; lastKnownFileType = folder.assetcatalog; path = Assets.xcassets; sourceTree = "<group>"; };
		DB21991F2B7C977E009B2AAC /* Base */ = {isa = PBXFileReference; lastKnownFileType = file.storyboard; name = Base; path = Base.lproj/LaunchScreen.storyboard; sourceTree = "<group>"; };
		DB2199212B7C977E009B2AAC /* Info.plist */ = {isa = PBXFileReference; lastKnownFileType = text.plist.xml; path = Info.plist; sourceTree = "<group>"; };
		DB21992B2B7C988D009B2AAC /* BaseView.swift */ = {isa = PBXFileReference; lastKnownFileType = sourcecode.swift; path = BaseView.swift; sourceTree = "<group>"; };
		DB21992D2B7C98FE009B2AAC /* BaseViewController.swift */ = {isa = PBXFileReference; lastKnownFileType = sourcecode.swift; path = BaseViewController.swift; sourceTree = "<group>"; };
		DB2199352B7C99A2009B2AAC /* ToDoView.swift */ = {isa = PBXFileReference; lastKnownFileType = sourcecode.swift; path = ToDoView.swift; sourceTree = "<group>"; };
		DB7C10952B7E36C70001B149 /* ToDoTable.swift */ = {isa = PBXFileReference; lastKnownFileType = sourcecode.swift; path = ToDoTable.swift; sourceTree = "<group>"; };
		DB7C10982B7E421E0001B149 /* Date + Extension.swift */ = {isa = PBXFileReference; lastKnownFileType = sourcecode.swift; path = "Date + Extension.swift"; sourceTree = "<group>"; };
		DB7C109D2B7E5C740001B149 /* ToDoListViewController.swift */ = {isa = PBXFileReference; lastKnownFileType = sourcecode.swift; path = ToDoListViewController.swift; sourceTree = "<group>"; };
		DB7C10A22B7E64030001B149 /* BaseTableViewCell.swift */ = {isa = PBXFileReference; lastKnownFileType = sourcecode.swift; path = BaseTableViewCell.swift; sourceTree = "<group>"; };
		DB7C10A42B7E75350001B149 /* BlockBarButtonItem.swift */ = {isa = PBXFileReference; lastKnownFileType = sourcecode.swift; path = BlockBarButtonItem.swift; sourceTree = "<group>"; };
		DB7C10A82B819D470001B149 /* ToDoTableRepository.swift */ = {isa = PBXFileReference; lastKnownFileType = sourcecode.swift; path = ToDoTableRepository.swift; sourceTree = "<group>"; };
		DB7C10AD2B81BFAF0001B149 /* NewToDoListTableViewCell.swift */ = {isa = PBXFileReference; lastKnownFileType = sourcecode.swift; path = NewToDoListTableViewCell.swift; sourceTree = "<group>"; };
		DB7C10AF2B81C8CB0001B149 /* UIView + Extension.swift */ = {isa = PBXFileReference; lastKnownFileType = sourcecode.swift; path = "UIView + Extension.swift"; sourceTree = "<group>"; };
		DB7C10B12B8232050001B149 /* DetailToDoViewController.swift */ = {isa = PBXFileReference; lastKnownFileType = sourcecode.swift; path = DetailToDoViewController.swift; sourceTree = "<group>"; };
		DB7C10B62B8332530001B149 /* FileManager + Extension.swift */ = {isa = PBXFileReference; lastKnownFileType = sourcecode.swift; path = "FileManager + Extension.swift"; sourceTree = "<group>"; };
		DB7C10B82B838BFE0001B149 /* CalendarViewController.swift */ = {isa = PBXFileReference; lastKnownFileType = sourcecode.swift; path = CalendarViewController.swift; sourceTree = "<group>"; };
		DBF3ABC52B7CA48C001ABADF /* NewToDoViewController.swift */ = {isa = PBXFileReference; lastKnownFileType = sourcecode.swift; path = NewToDoViewController.swift; sourceTree = "<group>"; };
		DBF3ABC72B7CA4AA001ABADF /* NewToDoView.swift */ = {isa = PBXFileReference; lastKnownFileType = sourcecode.swift; path = NewToDoView.swift; sourceTree = "<group>"; };
		DBF3ABCB2B7CB017001ABADF /* ItemView.swift */ = {isa = PBXFileReference; lastKnownFileType = sourcecode.swift; path = ItemView.swift; sourceTree = "<group>"; };
		DBF3ABCD2B7CB908001ABADF /* DateViewController.swift */ = {isa = PBXFileReference; lastKnownFileType = sourcecode.swift; path = DateViewController.swift; sourceTree = "<group>"; };
		DBF3ABCF2B7CFDCC001ABADF /* TagViewController.swift */ = {isa = PBXFileReference; lastKnownFileType = sourcecode.swift; path = TagViewController.swift; sourceTree = "<group>"; };
		DBF3ABD12B7D02B2001ABADF /* PriorityViewController.swift */ = {isa = PBXFileReference; lastKnownFileType = sourcecode.swift; path = PriorityViewController.swift; sourceTree = "<group>"; };
		DBF3ABD32B7D0F54001ABADF /* ToDoItemView.swift */ = {isa = PBXFileReference; lastKnownFileType = sourcecode.swift; path = ToDoItemView.swift; sourceTree = "<group>"; };
/* End PBXFileReference section */

/* Begin PBXFrameworksBuildPhase section */
		DB21990D2B7C977C009B2AAC /* Frameworks */ = {
			isa = PBXFrameworksBuildPhase;
			buildActionMask = 2147483647;
			files = (
				DB7C109C2B7E50AB0001B149 /* IQKeyboardManagerSwift in Frameworks */,
				DB7C10BC2B838C780001B149 /* FSCalendar in Frameworks */,
				DB7C10942B7E368C0001B149 /* RealmSwift in Frameworks */,
				DB7C10922B7E368C0001B149 /* Realm in Frameworks */,
				DB2199312B7C997D009B2AAC /* SnapKit in Frameworks */,
				DB2199342B7C9989009B2AAC /* Then in Frameworks */,
			);
			runOnlyForDeploymentPostprocessing = 0;
		};
/* End PBXFrameworksBuildPhase section */

/* Begin PBXGroup section */
		DB2199072B7C977C009B2AAC = {
			isa = PBXGroup;
			children = (
				DB2199122B7C977C009B2AAC /* TODO-Project */,
				DB2199112B7C977C009B2AAC /* Products */,
			);
			sourceTree = "<group>";
		};
		DB2199112B7C977C009B2AAC /* Products */ = {
			isa = PBXGroup;
			children = (
				DB2199102B7C977C009B2AAC /* TODO-Project.app */,
			);
			name = Products;
			sourceTree = "<group>";
		};
		DB2199122B7C977C009B2AAC /* TODO-Project */ = {
			isa = PBXGroup;
			children = (
				DBF3ABC92B7CAFB6001ABADF /* Resource */,
				DB21992A2B7C985F009B2AAC /* Base */,
				DB2199292B7C9833009B2AAC /* Model */,
				DB2199282B7C982B009B2AAC /* Controller */,
				DB2199272B7C9825009B2AAC /* View */,
				DB2199132B7C977C009B2AAC /* AppDelegate.swift */,
				DB2199152B7C977C009B2AAC /* SceneDelegate.swift */,
				DB21991C2B7C977E009B2AAC /* Assets.xcassets */,
				DB21991E2B7C977E009B2AAC /* LaunchScreen.storyboard */,
				DB2199212B7C977E009B2AAC /* Info.plist */,
			);
			path = "TODO-Project";
			sourceTree = "<group>";
		};
		DB2199272B7C9825009B2AAC /* View */ = {
			isa = PBXGroup;
			children = (
				DB7C10AC2B81BF6F0001B149 /* Cell */,
				DB2199352B7C99A2009B2AAC /* ToDoView.swift */,
				DBF3ABC72B7CA4AA001ABADF /* NewToDoView.swift */,
			);
			path = View;
			sourceTree = "<group>";
		};
		DB2199282B7C982B009B2AAC /* Controller */ = {
			isa = PBXGroup;
			children = (
				DB7C109F2B7E5C860001B149 /* Sender */,
				DB2199172B7C977C009B2AAC /* ToDoViewController.swift */,
				DBF3ABC52B7CA48C001ABADF /* NewToDoViewController.swift */,
				DB7C109D2B7E5C740001B149 /* ToDoListViewController.swift */,
				DB7C10B12B8232050001B149 /* DetailToDoViewController.swift */,
				DB7C10B82B838BFE0001B149 /* CalendarViewController.swift */,
			);
			path = Controller;
			sourceTree = "<group>";
		};
		DB2199292B7C9833009B2AAC /* Model */ = {
			isa = PBXGroup;
			children = (
				DB7C10952B7E36C70001B149 /* ToDoTable.swift */,
				DB7C10A82B819D470001B149 /* ToDoTableRepository.swift */,
			);
			path = Model;
			sourceTree = "<group>";
		};
		DB21992A2B7C985F009B2AAC /* Base */ = {
			isa = PBXGroup;
			children = (
				DB21992B2B7C988D009B2AAC /* BaseView.swift */,
				DB21992D2B7C98FE009B2AAC /* BaseViewController.swift */,
				DB7C10A22B7E64030001B149 /* BaseTableViewCell.swift */,
			);
			path = Base;
			sourceTree = "<group>";
		};
		DB7C10972B7E42080001B149 /* Extension */ = {
			isa = PBXGroup;
			children = (
				DB7C10982B7E421E0001B149 /* Date + Extension.swift */,
				DB7C10AF2B81C8CB0001B149 /* UIView + Extension.swift */,
				DB7C10B62B8332530001B149 /* FileManager + Extension.swift */,
			);
			path = Extension;
			sourceTree = "<group>";
		};
		DB7C109F2B7E5C860001B149 /* Sender */ = {
			isa = PBXGroup;
			children = (
				DBF3ABCD2B7CB908001ABADF /* DateViewController.swift */,
				DBF3ABCF2B7CFDCC001ABADF /* TagViewController.swift */,
				DBF3ABD12B7D02B2001ABADF /* PriorityViewController.swift */,
			);
			path = Sender;
			sourceTree = "<group>";
		};
		DB7C10AC2B81BF6F0001B149 /* Cell */ = {
			isa = PBXGroup;
			children = (
				DB7C10AD2B81BFAF0001B149 /* NewToDoListTableViewCell.swift */,
			);
			path = Cell;
			sourceTree = "<group>";
		};
		DBF3ABC92B7CAFB6001ABADF /* Resource */ = {
			isa = PBXGroup;
			children = (
				DB7C10972B7E42080001B149 /* Extension */,
				DBF3ABCA2B7CAFC1001ABADF /* Custom */,
			);
			path = Resource;
			sourceTree = "<group>";
		};
		DBF3ABCA2B7CAFC1001ABADF /* Custom */ = {
			isa = PBXGroup;
			children = (
				DBF3ABCB2B7CB017001ABADF /* ItemView.swift */,
				DBF3ABD32B7D0F54001ABADF /* ToDoItemView.swift */,
				DB7C10A42B7E75350001B149 /* BlockBarButtonItem.swift */,
			);
			path = Custom;
			sourceTree = "<group>";
		};
/* End PBXGroup section */

/* Begin PBXNativeTarget section */
		DB21990F2B7C977C009B2AAC /* TODO-Project */ = {
			isa = PBXNativeTarget;
			buildConfigurationList = DB2199242B7C977E009B2AAC /* Build configuration list for PBXNativeTarget "TODO-Project" */;
			buildPhases = (
				DB21990C2B7C977C009B2AAC /* Sources */,
				DB21990D2B7C977C009B2AAC /* Frameworks */,
				DB21990E2B7C977C009B2AAC /* Resources */,
			);
			buildRules = (
			);
			dependencies = (
			);
			name = "TODO-Project";
			packageProductDependencies = (
				DB2199302B7C997D009B2AAC /* SnapKit */,
				DB2199332B7C9989009B2AAC /* Then */,
				DB7C10912B7E368C0001B149 /* Realm */,
				DB7C10932B7E368C0001B149 /* RealmSwift */,
				DB7C109B2B7E50AB0001B149 /* IQKeyboardManagerSwift */,
				DB7C10BB2B838C780001B149 /* FSCalendar */,
			);
			productName = "TODO-Project";
			productReference = DB2199102B7C977C009B2AAC /* TODO-Project.app */;
			productType = "com.apple.product-type.application";
		};
/* End PBXNativeTarget section */

/* Begin PBXProject section */
		DB2199082B7C977C009B2AAC /* Project object */ = {
			isa = PBXProject;
			attributes = {
				BuildIndependentTargetsInParallel = 1;
				LastSwiftUpdateCheck = 1520;
				LastUpgradeCheck = 1520;
				TargetAttributes = {
					DB21990F2B7C977C009B2AAC = {
						CreatedOnToolsVersion = 15.2;
					};
				};
			};
			buildConfigurationList = DB21990B2B7C977C009B2AAC /* Build configuration list for PBXProject "TODO-Project" */;
			compatibilityVersion = "Xcode 14.0";
			developmentRegion = en;
			hasScannedForEncodings = 0;
			knownRegions = (
				en,
				Base,
			);
			mainGroup = DB2199072B7C977C009B2AAC;
			packageReferences = (
				DB21992F2B7C997D009B2AAC /* XCRemoteSwiftPackageReference "SnapKit" */,
				DB2199322B7C9989009B2AAC /* XCRemoteSwiftPackageReference "Then" */,
				DB7C10902B7E368C0001B149 /* XCRemoteSwiftPackageReference "realm-swift" */,
				DB7C109A2B7E50AB0001B149 /* XCRemoteSwiftPackageReference "IQKeyboardManager" */,
				DB7C10BA2B838C770001B149 /* XCRemoteSwiftPackageReference "FSCalendar" */,
			);
			productRefGroup = DB2199112B7C977C009B2AAC /* Products */;
			projectDirPath = "";
			projectRoot = "";
			targets = (
				DB21990F2B7C977C009B2AAC /* TODO-Project */,
			);
		};
/* End PBXProject section */

/* Begin PBXResourcesBuildPhase section */
		DB21990E2B7C977C009B2AAC /* Resources */ = {
			isa = PBXResourcesBuildPhase;
			buildActionMask = 2147483647;
			files = (
				DB2199202B7C977E009B2AAC /* LaunchScreen.storyboard in Resources */,
				DB21991D2B7C977E009B2AAC /* Assets.xcassets in Resources */,
			);
			runOnlyForDeploymentPostprocessing = 0;
		};
/* End PBXResourcesBuildPhase section */

/* Begin PBXSourcesBuildPhase section */
		DB21990C2B7C977C009B2AAC /* Sources */ = {
			isa = PBXSourcesBuildPhase;
			buildActionMask = 2147483647;
			files = (
				DB7C10B92B838BFE0001B149 /* CalendarViewController.swift in Sources */,
				DB7C10A52B7E75350001B149 /* BlockBarButtonItem.swift in Sources */,
				DBF3ABCE2B7CB908001ABADF /* DateViewController.swift in Sources */,
				DB7C10992B7E421E0001B149 /* Date + Extension.swift in Sources */,
				DB7C10B22B8232050001B149 /* DetailToDoViewController.swift in Sources */,
				DBF3ABD42B7D0F54001ABADF /* ToDoItemView.swift in Sources */,
				DB21992E2B7C98FE009B2AAC /* BaseViewController.swift in Sources */,
				DB2199182B7C977C009B2AAC /* ToDoViewController.swift in Sources */,
				DB2199142B7C977C009B2AAC /* AppDelegate.swift in Sources */,
				DBF3ABC62B7CA48C001ABADF /* NewToDoViewController.swift in Sources */,
				DB7C10962B7E36C70001B149 /* ToDoTable.swift in Sources */,
				DB7C109E2B7E5C740001B149 /* ToDoListViewController.swift in Sources */,
				DBF3ABCC2B7CB017001ABADF /* ItemView.swift in Sources */,
				DB7C10B02B81C8CB0001B149 /* UIView + Extension.swift in Sources */,
				DB7C10B72B8332530001B149 /* FileManager + Extension.swift in Sources */,
				DB7C10A92B819D470001B149 /* ToDoTableRepository.swift in Sources */,
				DB7C10AE2B81BFAF0001B149 /* NewToDoListTableViewCell.swift in Sources */,
				DBF3ABD02B7CFDCC001ABADF /* TagViewController.swift in Sources */,
				DB2199162B7C977C009B2AAC /* SceneDelegate.swift in Sources */,
				DB7C10A32B7E64030001B149 /* BaseTableViewCell.swift in Sources */,
				DBF3ABD22B7D02B2001ABADF /* PriorityViewController.swift in Sources */,
				DB2199362B7C99A2009B2AAC /* ToDoView.swift in Sources */,
				DB21992C2B7C988D009B2AAC /* BaseView.swift in Sources */,
				DBF3ABC82B7CA4AA001ABADF /* NewToDoView.swift in Sources */,
			);
			runOnlyForDeploymentPostprocessing = 0;
		};
/* End PBXSourcesBuildPhase section */

/* Begin PBXVariantGroup section */
		DB21991E2B7C977E009B2AAC /* LaunchScreen.storyboard */ = {
			isa = PBXVariantGroup;
			children = (
				DB21991F2B7C977E009B2AAC /* Base */,
			);
			name = LaunchScreen.storyboard;
			sourceTree = "<group>";
		};
/* End PBXVariantGroup section */

/* Begin XCBuildConfiguration section */
		DB2199222B7C977E009B2AAC /* Debug */ = {
			isa = XCBuildConfiguration;
			buildSettings = {
				ALWAYS_SEARCH_USER_PATHS = NO;
				ASSETCATALOG_COMPILER_GENERATE_SWIFT_ASSET_SYMBOL_EXTENSIONS = YES;
				CLANG_ANALYZER_NONNULL = YES;
				CLANG_ANALYZER_NUMBER_OBJECT_CONVERSION = YES_AGGRESSIVE;
				CLANG_CXX_LANGUAGE_STANDARD = "gnu++20";
				CLANG_ENABLE_MODULES = YES;
				CLANG_ENABLE_OBJC_ARC = YES;
				CLANG_ENABLE_OBJC_WEAK = YES;
				CLANG_WARN_BLOCK_CAPTURE_AUTORELEASING = YES;
				CLANG_WARN_BOOL_CONVERSION = YES;
				CLANG_WARN_COMMA = YES;
				CLANG_WARN_CONSTANT_CONVERSION = YES;
				CLANG_WARN_DEPRECATED_OBJC_IMPLEMENTATIONS = YES;
				CLANG_WARN_DIRECT_OBJC_ISA_USAGE = YES_ERROR;
				CLANG_WARN_DOCUMENTATION_COMMENTS = YES;
				CLANG_WARN_EMPTY_BODY = YES;
				CLANG_WARN_ENUM_CONVERSION = YES;
				CLANG_WARN_INFINITE_RECURSION = YES;
				CLANG_WARN_INT_CONVERSION = YES;
				CLANG_WARN_NON_LITERAL_NULL_CONVERSION = YES;
				CLANG_WARN_OBJC_IMPLICIT_RETAIN_SELF = YES;
				CLANG_WARN_OBJC_LITERAL_CONVERSION = YES;
				CLANG_WARN_OBJC_ROOT_CLASS = YES_ERROR;
				CLANG_WARN_QUOTED_INCLUDE_IN_FRAMEWORK_HEADER = YES;
				CLANG_WARN_RANGE_LOOP_ANALYSIS = YES;
				CLANG_WARN_STRICT_PROTOTYPES = YES;
				CLANG_WARN_SUSPICIOUS_MOVE = YES;
				CLANG_WARN_UNGUARDED_AVAILABILITY = YES_AGGRESSIVE;
				CLANG_WARN_UNREACHABLE_CODE = YES;
				CLANG_WARN__DUPLICATE_METHOD_MATCH = YES;
				COPY_PHASE_STRIP = NO;
				DEBUG_INFORMATION_FORMAT = dwarf;
				ENABLE_STRICT_OBJC_MSGSEND = YES;
				ENABLE_TESTABILITY = YES;
				ENABLE_USER_SCRIPT_SANDBOXING = YES;
				GCC_C_LANGUAGE_STANDARD = gnu17;
				GCC_DYNAMIC_NO_PIC = NO;
				GCC_NO_COMMON_BLOCKS = YES;
				GCC_OPTIMIZATION_LEVEL = 0;
				GCC_PREPROCESSOR_DEFINITIONS = (
					"DEBUG=1",
					"$(inherited)",
				);
				GCC_WARN_64_TO_32_BIT_CONVERSION = YES;
				GCC_WARN_ABOUT_RETURN_TYPE = YES_ERROR;
				GCC_WARN_UNDECLARED_SELECTOR = YES;
				GCC_WARN_UNINITIALIZED_AUTOS = YES_AGGRESSIVE;
				GCC_WARN_UNUSED_FUNCTION = YES;
				GCC_WARN_UNUSED_VARIABLE = YES;
				IPHONEOS_DEPLOYMENT_TARGET = 17.2;
				LOCALIZATION_PREFERS_STRING_CATALOGS = YES;
				MTL_ENABLE_DEBUG_INFO = INCLUDE_SOURCE;
				MTL_FAST_MATH = YES;
				ONLY_ACTIVE_ARCH = YES;
				SDKROOT = iphoneos;
				SWIFT_ACTIVE_COMPILATION_CONDITIONS = "DEBUG $(inherited)";
				SWIFT_OPTIMIZATION_LEVEL = "-Onone";
			};
			name = Debug;
		};
		DB2199232B7C977E009B2AAC /* Release */ = {
			isa = XCBuildConfiguration;
			buildSettings = {
				ALWAYS_SEARCH_USER_PATHS = NO;
				ASSETCATALOG_COMPILER_GENERATE_SWIFT_ASSET_SYMBOL_EXTENSIONS = YES;
				CLANG_ANALYZER_NONNULL = YES;
				CLANG_ANALYZER_NUMBER_OBJECT_CONVERSION = YES_AGGRESSIVE;
				CLANG_CXX_LANGUAGE_STANDARD = "gnu++20";
				CLANG_ENABLE_MODULES = YES;
				CLANG_ENABLE_OBJC_ARC = YES;
				CLANG_ENABLE_OBJC_WEAK = YES;
				CLANG_WARN_BLOCK_CAPTURE_AUTORELEASING = YES;
				CLANG_WARN_BOOL_CONVERSION = YES;
				CLANG_WARN_COMMA = YES;
				CLANG_WARN_CONSTANT_CONVERSION = YES;
				CLANG_WARN_DEPRECATED_OBJC_IMPLEMENTATIONS = YES;
				CLANG_WARN_DIRECT_OBJC_ISA_USAGE = YES_ERROR;
				CLANG_WARN_DOCUMENTATION_COMMENTS = YES;
				CLANG_WARN_EMPTY_BODY = YES;
				CLANG_WARN_ENUM_CONVERSION = YES;
				CLANG_WARN_INFINITE_RECURSION = YES;
				CLANG_WARN_INT_CONVERSION = YES;
				CLANG_WARN_NON_LITERAL_NULL_CONVERSION = YES;
				CLANG_WARN_OBJC_IMPLICIT_RETAIN_SELF = YES;
				CLANG_WARN_OBJC_LITERAL_CONVERSION = YES;
				CLANG_WARN_OBJC_ROOT_CLASS = YES_ERROR;
				CLANG_WARN_QUOTED_INCLUDE_IN_FRAMEWORK_HEADER = YES;
				CLANG_WARN_RANGE_LOOP_ANALYSIS = YES;
				CLANG_WARN_STRICT_PROTOTYPES = YES;
				CLANG_WARN_SUSPICIOUS_MOVE = YES;
				CLANG_WARN_UNGUARDED_AVAILABILITY = YES_AGGRESSIVE;
				CLANG_WARN_UNREACHABLE_CODE = YES;
				CLANG_WARN__DUPLICATE_METHOD_MATCH = YES;
				COPY_PHASE_STRIP = NO;
				DEBUG_INFORMATION_FORMAT = "dwarf-with-dsym";
				ENABLE_NS_ASSERTIONS = NO;
				ENABLE_STRICT_OBJC_MSGSEND = YES;
				ENABLE_USER_SCRIPT_SANDBOXING = YES;
				GCC_C_LANGUAGE_STANDARD = gnu17;
				GCC_NO_COMMON_BLOCKS = YES;
				GCC_WARN_64_TO_32_BIT_CONVERSION = YES;
				GCC_WARN_ABOUT_RETURN_TYPE = YES_ERROR;
				GCC_WARN_UNDECLARED_SELECTOR = YES;
				GCC_WARN_UNINITIALIZED_AUTOS = YES_AGGRESSIVE;
				GCC_WARN_UNUSED_FUNCTION = YES;
				GCC_WARN_UNUSED_VARIABLE = YES;
				IPHONEOS_DEPLOYMENT_TARGET = 17.2;
				LOCALIZATION_PREFERS_STRING_CATALOGS = YES;
				MTL_ENABLE_DEBUG_INFO = NO;
				MTL_FAST_MATH = YES;
				SDKROOT = iphoneos;
				SWIFT_COMPILATION_MODE = wholemodule;
				VALIDATE_PRODUCT = YES;
			};
			name = Release;
		};
		DB2199252B7C977E009B2AAC /* Debug */ = {
			isa = XCBuildConfiguration;
			buildSettings = {
				ASSETCATALOG_COMPILER_APPICON_NAME = AppIcon;
				ASSETCATALOG_COMPILER_GLOBAL_ACCENT_COLOR_NAME = AccentColor;
				CODE_SIGN_STYLE = Automatic;
				CURRENT_PROJECT_VERSION = 1;
				DEVELOPMENT_TEAM = SUZFV58S8B;
				GENERATE_INFOPLIST_FILE = YES;
				INFOPLIST_FILE = "TODO-Project/Info.plist";
				INFOPLIST_KEY_UIApplicationSupportsIndirectInputEvents = YES;
				INFOPLIST_KEY_UILaunchStoryboardName = LaunchScreen;
				INFOPLIST_KEY_UIMainStoryboardFile = "";
				INFOPLIST_KEY_UISupportedInterfaceOrientations = UIInterfaceOrientationPortrait;
				INFOPLIST_KEY_UISupportedInterfaceOrientations_iPad = "UIInterfaceOrientationLandscapeLeft UIInterfaceOrientationLandscapeRight UIInterfaceOrientationPortrait UIInterfaceOrientationPortraitUpsideDown";
				LD_RUNPATH_SEARCH_PATHS = (
					"$(inherited)",
					"@executable_path/Frameworks",
				);
				MARKETING_VERSION = 1.0;
				PRODUCT_BUNDLE_IDENTIFIER = "com.jinoo.TODO-Project";
				PRODUCT_NAME = "$(TARGET_NAME)";
				SUPPORTED_PLATFORMS = "iphoneos iphonesimulator";
				SUPPORTS_MACCATALYST = NO;
				SUPPORTS_MAC_DESIGNED_FOR_IPHONE_IPAD = NO;
				SUPPORTS_XR_DESIGNED_FOR_IPHONE_IPAD = NO;
				SWIFT_EMIT_LOC_STRINGS = YES;
				SWIFT_VERSION = 5.0;
				TARGETED_DEVICE_FAMILY = 1;
			};
			name = Debug;
		};
		DB2199262B7C977E009B2AAC /* Release */ = {
			isa = XCBuildConfiguration;
			buildSettings = {
				ASSETCATALOG_COMPILER_APPICON_NAME = AppIcon;
				ASSETCATALOG_COMPILER_GLOBAL_ACCENT_COLOR_NAME = AccentColor;
				CODE_SIGN_STYLE = Automatic;
				CURRENT_PROJECT_VERSION = 1;
				DEVELOPMENT_TEAM = SUZFV58S8B;
				GENERATE_INFOPLIST_FILE = YES;
				INFOPLIST_FILE = "TODO-Project/Info.plist";
				INFOPLIST_KEY_UIApplicationSupportsIndirectInputEvents = YES;
				INFOPLIST_KEY_UILaunchStoryboardName = LaunchScreen;
				INFOPLIST_KEY_UIMainStoryboardFile = "";
				INFOPLIST_KEY_UISupportedInterfaceOrientations = UIInterfaceOrientationPortrait;
				INFOPLIST_KEY_UISupportedInterfaceOrientations_iPad = "UIInterfaceOrientationLandscapeLeft UIInterfaceOrientationLandscapeRight UIInterfaceOrientationPortrait UIInterfaceOrientationPortraitUpsideDown";
				LD_RUNPATH_SEARCH_PATHS = (
					"$(inherited)",
					"@executable_path/Frameworks",
				);
				MARKETING_VERSION = 1.0;
				PRODUCT_BUNDLE_IDENTIFIER = "com.jinoo.TODO-Project";
				PRODUCT_NAME = "$(TARGET_NAME)";
				SUPPORTED_PLATFORMS = "iphoneos iphonesimulator";
				SUPPORTS_MACCATALYST = NO;
				SUPPORTS_MAC_DESIGNED_FOR_IPHONE_IPAD = NO;
				SUPPORTS_XR_DESIGNED_FOR_IPHONE_IPAD = NO;
				SWIFT_EMIT_LOC_STRINGS = YES;
				SWIFT_VERSION = 5.0;
				TARGETED_DEVICE_FAMILY = 1;
			};
			name = Release;
		};
/* End XCBuildConfiguration section */

/* Begin XCConfigurationList section */
		DB21990B2B7C977C009B2AAC /* Build configuration list for PBXProject "TODO-Project" */ = {
			isa = XCConfigurationList;
			buildConfigurations = (
				DB2199222B7C977E009B2AAC /* Debug */,
				DB2199232B7C977E009B2AAC /* Release */,
			);
			defaultConfigurationIsVisible = 0;
			defaultConfigurationName = Release;
		};
		DB2199242B7C977E009B2AAC /* Build configuration list for PBXNativeTarget "TODO-Project" */ = {
			isa = XCConfigurationList;
			buildConfigurations = (
				DB2199252B7C977E009B2AAC /* Debug */,
				DB2199262B7C977E009B2AAC /* Release */,
			);
			defaultConfigurationIsVisible = 0;
			defaultConfigurationName = Release;
		};
/* End XCConfigurationList section */

/* Begin XCRemoteSwiftPackageReference section */
		DB21992F2B7C997D009B2AAC /* XCRemoteSwiftPackageReference "SnapKit" */ = {
			isa = XCRemoteSwiftPackageReference;
			repositoryURL = "https://github.com/SnapKit/SnapKit";
			requirement = {
				kind = upToNextMajorVersion;
				minimumVersion = 5.7.0;
			};
		};
		DB2199322B7C9989009B2AAC /* XCRemoteSwiftPackageReference "Then" */ = {
			isa = XCRemoteSwiftPackageReference;
			repositoryURL = "https://github.com/devxoul/Then";
			requirement = {
				kind = upToNextMajorVersion;
				minimumVersion = 3.0.0;
			};
		};
		DB7C10902B7E368C0001B149 /* XCRemoteSwiftPackageReference "realm-swift" */ = {
			isa = XCRemoteSwiftPackageReference;
			repositoryURL = "https://github.com/realm/realm-swift.git";
			requirement = {
				kind = exactVersion;
				version = 10.47.0;
			};
		};
		DB7C109A2B7E50AB0001B149 /* XCRemoteSwiftPackageReference "IQKeyboardManager" */ = {
			isa = XCRemoteSwiftPackageReference;
			repositoryURL = "https://github.com/hackiftekhar/IQKeyboardManager";
			requirement = {
				kind = upToNextMajorVersion;
				minimumVersion = 7.0.1;
			};
		};
		DB7C10BA2B838C770001B149 /* XCRemoteSwiftPackageReference "FSCalendar" */ = {
			isa = XCRemoteSwiftPackageReference;
			repositoryURL = "https://github.com/WenchaoD/FSCalendar.git";
			requirement = {
				kind = upToNextMajorVersion;
				minimumVersion = 2.8.4;
			};
		};
/* End XCRemoteSwiftPackageReference section */

/* Begin XCSwiftPackageProductDependency section */
		DB2199302B7C997D009B2AAC /* SnapKit */ = {
			isa = XCSwiftPackageProductDependency;
			package = DB21992F2B7C997D009B2AAC /* XCRemoteSwiftPackageReference "SnapKit" */;
			productName = SnapKit;
		};
		DB2199332B7C9989009B2AAC /* Then */ = {
			isa = XCSwiftPackageProductDependency;
			package = DB2199322B7C9989009B2AAC /* XCRemoteSwiftPackageReference "Then" */;
			productName = Then;
		};
		DB7C10912B7E368C0001B149 /* Realm */ = {
			isa = XCSwiftPackageProductDependency;
			package = DB7C10902B7E368C0001B149 /* XCRemoteSwiftPackageReference "realm-swift" */;
			productName = Realm;
		};
		DB7C10932B7E368C0001B149 /* RealmSwift */ = {
			isa = XCSwiftPackageProductDependency;
			package = DB7C10902B7E368C0001B149 /* XCRemoteSwiftPackageReference "realm-swift" */;
			productName = RealmSwift;
		};
		DB7C109B2B7E50AB0001B149 /* IQKeyboardManagerSwift */ = {
			isa = XCSwiftPackageProductDependency;
			package = DB7C109A2B7E50AB0001B149 /* XCRemoteSwiftPackageReference "IQKeyboardManager" */;
			productName = IQKeyboardManagerSwift;
		};
		DB7C10BB2B838C780001B149 /* FSCalendar */ = {
			isa = XCSwiftPackageProductDependency;
			package = DB7C10BA2B838C770001B149 /* XCRemoteSwiftPackageReference "FSCalendar" */;
			productName = FSCalendar;
		};
/* End XCSwiftPackageProductDependency section */
	};
	rootObject = DB2199082B7C977C009B2AAC /* Project object */;
}
